
Microsoft Visual Studio Solution File, Format Version 12.00
# Visual Studio 14
VisualStudioVersion = 14.0.25123.0
MinimumVisualStudioVersion = 10.0.40219.1
Project("{FAE04EC0-301F-11D3-BF4B-00C04F79EFBC}") = "TestGit_20160526", "TestGit_20160526\TestGit_20160526.csproj", "{78BEB1D9-27B2-46F8-A45A-9361F96307D8}"
EndProject
Global
	GlobalSection(SolutionConfigurationPlatforms) = preSolution
		Debug|Any CPU = Debug|Any CPU
		Release|Any CPU = Release|Any CPU
	EndGlobalSection
	GlobalSection(ProjectConfigurationPlatforms) = postSolution
		{78BEB1D9-27B2-46F8-A45A-9361F96307D8}.Debug|Any CPU.ActiveCfg = Debug|Any CPU
		{78BEB1D9-27B2-46F8-A45A-9361F96307D8}.Debug|Any CPU.Build.0 = Debug|Any CPU
		{78BEB1D9-27B2-46F8-A45A-9361F96307D8}.Release|Any CPU.ActiveCfg = Release|Any CPU
		{78BEB1D9-27B2-46F8-A45A-9361F96307D8}.Release|Any CPU.Build.0 = Release|Any CPU
	EndGlobalSection
	GlobalSection(SolutionProperties) = preSolution
		HideSolutionNode = FALSE
	EndGlobalSection
EndGlobal
